
Microsoft Visual Studio Solution File, Format Version 12.00
# Visual Studio Version 17
VisualStudioVersion = 17.2.32616.157
MinimumVisualStudioVersion = 10.0.40219.1
Project("{FAE04EC0-301F-11D3-BF4B-00C04F79EFBC}") = "BLOG PROJESİ", "BLOG PROJESİ\BLOG PROJESİ.csproj", "{8A27197C-5C64-4CD9-A155-7873FCC6A053}"
EndProject
Global
	GlobalSection(SolutionConfigurationPlatforms) = preSolution
		Debug|Any CPU = Debug|Any CPU
		Release|Any CPU = Release|Any CPU
	EndGlobalSection
	GlobalSection(ProjectConfigurationPlatforms) = postSolution
		{8A27197C-5C64-4CD9-A155-7873FCC6A053}.Debug|Any CPU.ActiveCfg = Debug|Any CPU
		{8A27197C-5C64-4CD9-A155-7873FCC6A053}.Debug|Any CPU.Build.0 = Debug|Any CPU
		{8A27197C-5C64-4CD9-A155-7873FCC6A053}.Release|Any CPU.ActiveCfg = Release|Any CPU
		{8A27197C-5C64-4CD9-A155-7873FCC6A053}.Release|Any CPU.Build.0 = Release|Any CPU
	EndGlobalSection
	GlobalSection(SolutionProperties) = preSolution
		HideSolutionNode = FALSE
	EndGlobalSection
	GlobalSection(ExtensibilityGlobals) = postSolution
		SolutionGuid = {FBD96307-0F8F-4819-840C-B3B410E90A82}
	EndGlobalSection
EndGlobal
